Microsoft Visual Studio Solution File, Format Version 11.00
# Visual Studio 2008

Project("{DBDFDE96-C9FA-47B1-E997-564F83942658}") = "spectrum_update", "Assembly-CSharp-firstpass.csproj", "{47AC39F9-BC33-79BD-DEF7-A68CB0B27ABD}"
EndProject
Project("{DBDFDE96-C9FA-47B1-E997-564F83942658}") = "spectrum_update", "Assembly-CSharp.csproj", "{6C2C3BF3-6A24-D5EC-E7D9-EEB041F722AB}"
EndProject
Project("{DBDFDE96-C9FA-47B1-E997-564F83942658}") = "spectrum_update", "Assembly-CSharp-Editor.csproj", "{5E493ED4-797A-1739-14D5-8236495CCF40}"
EndProject
Global
	GlobalSection(SolutionConfigurationPlatforms) = preSolution
		Debug|Any CPU = Debug|Any CPU
		Release|Any CPU = Release|Any CPU
	EndGlobalSection
	GlobalSection(ProjectConfigurationPlatforms) = postSolution
		{47AC39F9-BC33-79BD-DEF7-A68CB0B27ABD}.Debug|Any CPU.ActiveCfg = Debug|Any CPU
		{47AC39F9-BC33-79BD-DEF7-A68CB0B27ABD}.Debug|Any CPU.Build.0 = Debug|Any CPU
		{47AC39F9-BC33-79BD-DEF7-A68CB0B27ABD}.Release|Any CPU.ActiveCfg = Release|Any CPU
		{47AC39F9-BC33-79BD-DEF7-A68CB0B27ABD}.Release|Any CPU.Build.0 = Release|Any CPU
		{6C2C3BF3-6A24-D5EC-E7D9-EEB041F722AB}.Debug|Any CPU.ActiveCfg = Debug|Any CPU
		{6C2C3BF3-6A24-D5EC-E7D9-EEB041F722AB}.Debug|Any CPU.Build.0 = Debug|Any CPU
		{6C2C3BF3-6A24-D5EC-E7D9-EEB041F722AB}.Release|Any CPU.ActiveCfg = Release|Any CPU
		{6C2C3BF3-6A24-D5EC-E7D9-EEB041F722AB}.Release|Any CPU.Build.0 = Release|Any CPU
		{5E493ED4-797A-1739-14D5-8236495CCF40}.Debug|Any CPU.ActiveCfg = Debug|Any CPU
		{5E493ED4-797A-1739-14D5-8236495CCF40}.Debug|Any CPU.Build.0 = Debug|Any CPU
		{5E493ED4-797A-1739-14D5-8236495CCF40}.Release|Any CPU.ActiveCfg = Release|Any CPU
		{5E493ED4-797A-1739-14D5-8236495CCF40}.Release|Any CPU.Build.0 = Release|Any CPU
	EndGlobalSection
	GlobalSection(SolutionProperties) = preSolution
		HideSolutionNode = FALSE
	EndGlobalSection
																																			GlobalSection(MonoDevelopProperties) = preSolution
		StartupItem = Assembly-CSharp.csproj
		Policies = $0
		$0.TextStylePolicy = $1
		$1.inheritsSet = null
		$1.scope = text/x-csharp
		$0.CSharpFormattingPolicy = $2
		$2.inheritsSet = Mono
		$2.inheritsScope = text/x-csharp
		$2.scope = text/x-csharp
		$0.TextStylePolicy = $3
		$3.FileWidth = 120
		$3.TabWidth = 4
		$3.IndentWidth = 4
		$3.EolMarker = Unix
		$3.inheritsSet = Mono
		$3.inheritsScope = text/plain
		$3.scope = text/plain
	EndGlobalSection

EndGlobal
